[[package]]
category = "main"
description = "Abseil Python Common Libraries, see https://github.com/abseil/abseil-py."
name = "absl-py"
optional = false
python-versions = "*"
version = "0.9.0"

[package.dependencies]
six = "*"

[[package]]
category = "main"
description = "A small Python module for determining appropriate platform-specific dirs, e.g. a \"user data dir\"."
name = "appdirs"
optional = false
python-versions = "*"
version = "1.4.3"

[[package]]
category = "main"
description = "Bash tab completion for argparse"
name = "argcomplete"
optional = false
python-versions = "*"
version = "1.11.0"

[package.dependencies]
[package.dependencies.importlib-metadata]
python = ">=3.6,<3.7"
version = ">=0.23,<2"

[[package]]
category = "main"
description = "Read/rewrite/write Python ASTs"
name = "astor"
optional = false
python-versions = "!=3.0.*,!=3.1.*,!=3.2.*,!=3.3.*,>=2.7"
version = "0.8.1"

[[package]]
category = "main"
description = "Classes Without Boilerplate"
name = "attrs"
optional = false
python-versions = ">=2.7, !=3.0.*, !=3.1.*, !=3.2.*, !=3.3.*"
version = "19.3.0"

[[package]]
category = "main"
description = "Amazon Web Services Library"
name = "boto"
optional = false
python-versions = "*"
version = "2.49.0"

[[package]]
category = "main"
description = "Extensible memoizing collections and decorators"
name = "cachetools"
optional = false
python-versions = "~=3.5"
version = "4.0.0"

[[package]]
category = "main"
description = "Python package for providing Mozilla's CA Bundle."
name = "certifi"
optional = false
python-versions = "*"
version = "2019.11.28"

[[package]]
category = "main"
description = "Foreign Function Interface for Python calling C code."
name = "cffi"
optional = false
python-versions = "*"
version = "1.13.2"

[package.dependencies]
pycparser = "*"

[[package]]
category = "main"
description = "Universal encoding detector for Python 2 and 3"
name = "chardet"
optional = false
python-versions = "*"
version = "3.0.4"

[[package]]
category = "main"
description = "Composable command line interface toolkit"
name = "click"
optional = false
python-versions = ">=2.7, !=3.0.*, !=3.1.*, !=3.2.*, !=3.3.*"
version = "7.0"

[[package]]
category = "main"
description = "Configuration file support for click applications."
name = "click-config-file"
optional = false
python-versions = "*"
version = "0.5.0"

[package.dependencies]
click = ">=6.7"
configobj = ">=5.0.6"

[[package]]
category = "main"
description = "cmd2 - quickly build feature-rich and user-friendly interactive command line applications in Python"
name = "cmd2"
optional = false
python-versions = ">=3.5"
version = "0.9.22"

[package.dependencies]
attrs = ">=16.3.0"
colorama = ">=0.3.7"
pyperclip = ">=1.6"
pyreadline = "*"
wcwidth = ">=0.1.7"

[[package]]
category = "main"
description = "Cross-platform colored terminal text."
name = "colorama"
optional = false
python-versions = ">=2.7, !=3.0.*, !=3.1.*, !=3.2.*, !=3.3.*, !=3.4.*"
version = "0.4.3"

[[package]]
category = "main"
description = "Config file reading, writing and validation."
name = "configobj"
optional = false
python-versions = "*"
version = "5.0.6"

[package.dependencies]
six = "*"

[[package]]
category = "main"
description = "CRC Generator"
name = "crcmod"
optional = false
python-versions = "*"
version = "1.7"

[[package]]
category = "main"
description = "cryptography is a package which provides cryptographic recipes and primitives to Python developers."
name = "cryptography"
optional = false
python-versions = ">=2.7,!=3.0.*,!=3.1.*,!=3.2.*,!=3.3.*"
version = "2.8"

[package.dependencies]
cffi = ">=1.8,<1.11.3 || >1.11.3"
six = ">=1.4.1"

[[package]]
category = "main"
description = "A python package that provides useful locks."
name = "fasteners"
optional = false
python-versions = "*"
version = "0.15"

[package.dependencies]
monotonic = ">=0.1"
six = "*"

[[package]]
category = "main"
description = "Python module which allows you to specify timeouts when calling any existing function. Also provides support for stoppable-threads"
name = "func-timeout"
optional = false
python-versions = "*"
version = "4.3.5"

[[package]]
category = "main"
description = "Backport of the functools module from Python 3.2.3 for use on 2.7 and PyPy."
name = "functools32"
optional = false
python-versions = "*"
version = "3.2.3-2"

[[package]]
category = "main"
description = "Python AST that abstracts the underlying Python version"
name = "gast"
optional = false
python-versions = ">=2.7, !=3.0.*, !=3.1.*, !=3.2.*, !=3.3.*"
version = "0.2.2"

[[package]]
category = "main"
description = "Auth plugin allowing use the use of OAuth 2.0 credentials for Google Cloud Storage in the Boto library."
name = "gcs-oauth2-boto-plugin"
optional = false
python-versions = "*"
version = "2.5"

[package.dependencies]
SocksiPy-branch = "1.01"
boto = ">=2.29.1"
google-reauth = ">=0.1.0"
httplib2 = ">=0.8"
oauth2client = ">=2.2.0"
pyOpenSSL = ">=0.13"
retry_decorator = ">=1.0.0"
six = ">=1.12.0"

[[package]]
category = "main"
description = "Google API client core library"
name = "google-api-core"
optional = false
python-versions = ">=2.7,!=3.0.*,!=3.1.*,!=3.2.*,!=3.3.*"
version = "1.15.0"

[package.dependencies]
google-auth = ">=0.4.0,<2.0dev"
googleapis-common-protos = ">=1.6.0,<2.0dev"
protobuf = ">=3.4.0"
pytz = "*"
requests = ">=2.18.0,<3.0.0dev"
setuptools = ">=34.0.0"
six = ">=1.10.0"

[[package]]
category = "main"
description = "client libraries for humans"
name = "google-apitools"
optional = false
python-versions = "*"
version = "0.5.30"

[package.dependencies]
fasteners = ">=0.14"
httplib2 = ">=0.8"
oauth2client = ">=1.4.12"
six = ">=1.12.0"

[[package]]
category = "main"
description = "Google Authentication Library"
name = "google-auth"
optional = false
python-versions = ">=2.7,!=3.0.*,!=3.1.*,!=3.2.*,!=3.3.*"
version = "1.10.0"

[package.dependencies]
cachetools = ">=2.0.0,<5.0"
pyasn1-modules = ">=0.2.1"
rsa = ">=3.1.4,<4.1"
setuptools = ">=40.3.0"
six = ">=1.9.0"

[[package]]
category = "main"
description = "Google Cloud API client core library"
name = "google-cloud-core"
optional = false
python-versions = ">=2.7,!=3.0.*,!=3.1.*,!=3.2.*,!=3.3.*"
version = "1.1.0"

[package.dependencies]
google-api-core = ">=1.14.0,<2.0.0dev"

[[package]]
category = "main"
description = "Google Cloud Storage API client library"
name = "google-cloud-storage"
optional = false
python-versions = ">=2.7,!=3.0.*,!=3.1.*,!=3.2.*,!=3.3.*"
version = "1.23.0"

[package.dependencies]
google-auth = ">=1.2.0"
google-cloud-core = ">=1.0.3,<2.0dev"
google-resumable-media = ">=0.5.0,<0.6dev"

[[package]]
category = "main"
description = "pasta is an AST-based Python refactoring library"
name = "google-pasta"
optional = false
python-versions = "*"
version = "0.1.8"

[package.dependencies]
six = "*"

[[package]]
category = "main"
description = "Google Reauth Library"
name = "google-reauth"
optional = false
python-versions = "*"
version = "0.1.0"

[package.dependencies]
pyu2f = "*"

[[package]]
category = "main"
description = "Utilities for Google Media Downloads and Resumable Uploads"
name = "google-resumable-media"
optional = false
python-versions = ">=2.7,!=3.0.*,!=3.1.*,!=3.2.*,!=3.3.*"
version = "0.5.0"

[package.dependencies]
six = "*"

[[package]]
category = "main"
description = "Common protobufs used in Google APIs"
name = "googleapis-common-protos"
optional = false
python-versions = "*"
version = "1.6.0"

[package.dependencies]
protobuf = ">=3.6.0"

[[package]]
category = "main"
description = "HTTP/2-based RPC framework"
name = "grpcio"
optional = false
python-versions = "*"
version = "1.26.0"

[package.dependencies]
six = ">=1.5.2"

[[package]]
category = "main"
description = "A command line tool for interacting with cloud storage services."
name = "gsutil"
optional = false
python-versions = ">=2.7, !=3.0.*, !=3.1.*, !=3.2.*, !=3.3.*, !=3.4.*, <4"
version = "4.46"

[package.dependencies]
SocksiPy-branch = "1.01"
argcomplete = ">=1.9.4"
crcmod = ">=1.7"
fasteners = ">=0.14.1"
gcs-oauth2-boto-plugin = ">=2.5"
google-apitools = ">=0.5.30"
google-reauth = ">=0.1.0"
httplib2 = ">=0.11.3"
mock = "2.0.0"
monotonic = ">=1.4"
oauth2client = "4.1.3"
pyOpenSSL = ">=0.13"
retry_decorator = ">=1.0.0"
six = ">=1.12.0"

[[package]]
category = "main"
description = "Read and write HDF5 files from Python"
name = "h5py"
optional = false
python-versions = "*"
version = "2.10.0"

[package.dependencies]
numpy = ">=1.7"
six = "*"

[[package]]
category = "main"
description = "A comprehensive HTTP client library."
name = "httplib2"
optional = false
python-versions = "*"
version = "0.15.0"

[[package]]
category = "main"
description = "Internationalized Domain Names in Applications (IDNA)"
name = "idna"
optional = false
python-versions = ">=2.7, !=3.0.*, !=3.1.*, !=3.2.*, !=3.3.*"
version = "2.8"

[[package]]
category = "main"
description = "Read metadata from Python packages"
marker = "python_version == \"3.6\""
name = "importlib-metadata"
optional = false
python-versions = "!=3.0.*,!=3.1.*,!=3.2.*,!=3.3.*,!=3.4.*,>=2.7"
version = "1.3.0"

[package.dependencies]
zipp = ">=0.5"

[[package]]
category = "main"
description = "Read resources from Python packages"
name = "importlib-resources"
optional = false
python-versions = ">=2.7,!=3.0,!=3.1,!=3.2,!=3.3"
version = "1.0.2"

[[package]]
category = "main"
description = "A port of Ruby on Rails inflector to Python"
name = "inflection"
optional = false
python-versions = "*"
version = "0.3.1"

[[package]]
category = "main"
description = "Reference implementations of popular deep learning models"
name = "keras-applications"
optional = false
python-versions = "*"
version = "1.0.8"

[package.dependencies]
h5py = "*"
numpy = ">=1.9.1"

[[package]]
category = "main"
description = "Easy data preprocessing and data augmentation for deep learning models"
name = "keras-preprocessing"
optional = false
python-versions = "*"
version = "1.1.0"

[package.dependencies]
numpy = ">=1.9.1"
six = ">=1.9.0"

[[package]]
category = "main"
description = "Python implementation of Markdown."
name = "markdown"
optional = false
python-versions = ">=2.7,!=3.0.*,!=3.1.*,!=3.2.*,!=3.3.*,!=3.4.*"
version = "3.1.1"

[package.dependencies]
setuptools = ">=36"

[[package]]
category = "main"
description = "Rolling backport of unittest.mock for all Pythons"
name = "mock"
optional = false
python-versions = "*"
version = "2.0.0"

[package.dependencies]
pbr = ">=0.11"
six = ">=1.9"

[[package]]
category = "main"
description = "An implementation of time.monotonic() for Python 2 & < 3.3"
name = "monotonic"
optional = false
python-versions = "*"
version = "1.5"

[[package]]
category = "main"
description = "More routines for operating on iterables, beyond itertools"
marker = "python_version == \"3.6\""
name = "more-itertools"
optional = false
python-versions = ">=3.5"
version = "8.0.2"

[[package]]
category = "main"
description = "NumPy is the fundamental package for array computing with Python."
name = "numpy"
optional = false
python-versions = ">=3.5"
version = "1.18.0"

[[package]]
category = "main"
description = "OAuth 2.0 client library"
name = "oauth2client"
optional = false
python-versions = "*"
version = "4.1.3"

[package.dependencies]
httplib2 = ">=0.9.1"
pyasn1 = ">=0.1.7"
pyasn1-modules = ">=0.0.5"
rsa = ">=3.1.4"
six = ">=1.6.1"

[[package]]
category = "main"
description = "Optimizing numpys einsum function"
name = "opt-einsum"
optional = false
python-versions = ">=3.5"
version = "3.1.0"

[package.dependencies]
numpy = ">=1.7"

[[package]]
category = "main"
description = "Python Build Reasonableness"
name = "pbr"
optional = false
python-versions = "*"
version = "5.4.4"

[[package]]
category = "main"
description = "Pure Python, cross platform, single function module with no dependencies for playing sounds."
name = "playsound"
optional = false
python-versions = "*"
version = "1.2.2"

[[package]]
category = "main"
description = "A universal Python library for detecting and/or filtering profane words."
name = "profanityfilter"
optional = false
python-versions = "*"
version = "2.0.6"

[package.dependencies]
inflection = "*"

[[package]]
category = "main"
description = "Protocol Buffers"
name = "protobuf"
optional = false
python-versions = "*"
version = "3.11.2"

[package.dependencies]
setuptools = "*"
six = ">=1.9"

[[package]]
category = "main"
description = "ASN.1 types and codecs"
name = "pyasn1"
optional = false
python-versions = "*"
version = "0.4.8"

[[package]]
category = "main"
description = "A collection of ASN.1-based protocols modules."
name = "pyasn1-modules"
optional = false
python-versions = "*"
version = "0.2.7"

[package.dependencies]
pyasn1 = ">=0.4.6,<0.5.0"

[[package]]
category = "main"
description = "C parser in Python"
name = "pycparser"
optional = false
python-versions = ">=2.7, !=3.0.*, !=3.1.*, !=3.2.*, !=3.3.*"
version = "2.19"

[[package]]
category = "main"
description = "Python wrapper module around the OpenSSL library"
name = "pyopenssl"
optional = false
python-versions = "*"
version = "19.1.0"

[package.dependencies]
cryptography = ">=2.8"
six = ">=1.5.2"

[[package]]
category = "main"
description = "A cross-platform clipboard module for Python. (Only handles plain text for now.)"
name = "pyperclip"
optional = false
python-versions = "*"
version = "1.7.0"

[[package]]
category = "main"
description = "A python implmementation of GNU readline."
marker = "sys_platform == \"win32\""
name = "pyreadline"
optional = false
python-versions = "*"
version = "2.1"

[[package]]
category = "main"
description = "World timezone definitions, modern and historical"
name = "pytz"
optional = false
python-versions = "*"
version = "2019.3"

[[package]]
category = "main"
description = "U2F host library for interacting with a U2F device over USB."
name = "pyu2f"
optional = false
python-versions = "*"
version = "0.1.4"

[package.dependencies]
six = "*"

[[package]]
category = "main"
description = "YAML parser and emitter for Python"
name = "pyyaml"
optional = false
python-versions = ">=2.7, !=3.0.*, !=3.1.*, !=3.2.*, !=3.3.*"
version = "5.2"

[[package]]
category = "main"
description = "Alternative regular expression module, to replace re."
name = "regex"
optional = false
python-versions = "*"
version = "2019.12.20"

[[package]]
category = "main"
description = "Python HTTP for Humans."
name = "requests"
optional = false
python-versions = ">=2.7, !=3.0.*, !=3.1.*, !=3.2.*, !=3.3.*, !=3.4.*"
version = "2.22.0"

[package.dependencies]
certifi = ">=2017.4.17"
chardet = ">=3.0.2,<3.1.0"
idna = ">=2.5,<2.9"
urllib3 = ">=1.21.1,<1.25.0 || >1.25.0,<1.25.1 || >1.25.1,<1.26"

[[package]]
category = "main"
description = "Retry Decorator"
name = "retry-decorator"
optional = false
python-versions = "*"
version = "1.1.0"

[[package]]
category = "main"
description = "Pure-Python RSA implementation"
name = "rsa"
optional = false
python-versions = "*"
version = "4.0"

[package.dependencies]
pyasn1 = ">=0.1.3"

[[package]]
category = "main"
description = "Python 2 and 3 compatibility utilities"
name = "six"
optional = false
python-versions = ">=2.6, !=3.0.*, !=3.1.*"
version = "1.13.0"

[[package]]
category = "main"
description = "A Python SOCKS module"
name = "socksipy-branch"
optional = false
python-versions = "*"
version = "1.01"

[[package]]
category = "main"
description = "TensorBoard lets you watch Tensors Flow"
name = "tensorboard"
optional = false
python-versions = ">= 2.7, != 3.0.*, != 3.1.*"
version = "1.15.0"

[package.dependencies]
absl-py = ">=0.4"
grpcio = ">=1.6.3"
markdown = ">=2.6.8"
numpy = ">=1.12.0"
protobuf = ">=3.6.0"
setuptools = ">=41.0.0"
six = ">=1.10.0"
werkzeug = ">=0.11.15"

[package.dependencies.wheel]
python = ">=3"
version = ">=0.26"

[[package]]
category = "main"
description = "TensorFlow is an open source machine learning framework for everyone."
name = "tensorflow"
optional = false
python-versions = "*"
version = "1.15.0"

[package.dependencies]
absl-py = ">=0.7.0"
astor = ">=0.6.0"
functools32 = ">=3.2.3"
gast = "0.2.2"
google-pasta = ">=0.1.6"
grpcio = ">=1.8.6"
keras-applications = ">=1.0.8"
keras-preprocessing = ">=1.0.5"
mock = ">=2.0.0"
numpy = ">=1.16.0,<2.0"
opt-einsum = ">=2.3.2"
protobuf = ">=3.6.1"
six = ">=1.10.0"
tensorboard = ">=1.15.0,<1.16.0"
tensorflow-estimator = "1.15.1"
termcolor = ">=1.1.0"
wheel = "*"
wrapt = ">=1.11.1"

[[package]]
category = "main"
description = "TensorFlow Estimator."
name = "tensorflow-estimator"
optional = false
python-versions = "*"
version = "1.15.1"

[[package]]
category = "main"
description = "ANSII Color formatting for output in terminal."
name = "termcolor"
optional = false
python-versions = "*"
version = "1.1.0"

[[package]]
category = "main"
description = "Python port of Kate Compton's tracery text generation library"
name = "tracery"
optional = false
python-versions = "*"
version = "0.1.1"

[[package]]
category = "main"
description = "HTTP library with thread-safe connection pooling, file post, and more."
name = "urllib3"
optional = false
python-versions = ">=2.7, !=3.0.*, !=3.1.*, !=3.2.*, !=3.3.*, <4"
version = "1.25.7"

[[package]]
category = "main"
description = "Measures number of Terminal column cells of wide-character codes"
name = "wcwidth"
optional = false
python-versions = "*"
version = "0.1.8"

[[package]]
category = "main"
description = "The comprehensive WSGI web application library."
name = "werkzeug"
optional = false
python-versions = ">=2.7, !=3.0.*, !=3.1.*, !=3.2.*, !=3.3.*"
version = "0.16.0"

[[package]]
category = "main"
description = "A built-package format for Python."
name = "wheel"
optional = false
python-versions = ">=2.7, !=3.0.*, !=3.1.*, !=3.2.*, !=3.3.*"
version = "0.33.6"

[[package]]
category = "main"
description = "Module for decorators, wrappers and monkey patching."
name = "wrapt"
optional = false
python-versions = "*"
version = "1.11.2"

[[package]]
category = "main"
description = "Backport of pathlib-compatible object wrapper for zip files"
marker = "python_version == \"3.6\""
name = "zipp"
optional = false
python-versions = ">=2.7"
version = "0.6.0"

[package.dependencies]
more-itertools = "*"

[metadata]
content-hash = "b7f060d8e419dc6fa8e8fc50e54b96ba90464b49fda3567f9a833c839479704e"
python-versions = "~3.6.8"  # Compatible python versions must be declared here

[metadata.hashes]
absl-py = ["75e737d6ce7723d9ff9b7aa1ba3233c34be62ef18d5859e706b8fdc828989830"]
appdirs = ["9e5896d1372858f8dd3344faf4e5014d21849c756c8d5701f78f8a103b372d92", "d8b24664561d0d34ddfaec54636d502d7cea6e29c3eaf68f3df6180863e2166e"]
argcomplete = ["52a08b426bd0b03b6881182dd84149b2493540d1c3109ccf9f09f78e4459e387", "783d6a12c6c84a33653dc5bac4d6c0640ba64d1037c2662acd9dbe410c26056f"]
astor = ["070a54e890cefb5b3739d19f30f5a5ec840ffc9c50ffa7d23cc9fc1a38ebbfc5", "6a6effda93f4e1ce9f618779b2dd1d9d84f1e32812c23a29b3fff6fd7f63fa5e"]
attrs = ["08a96c641c3a74e44eb59afb61a24f2cb9f4d7188748e76ba4bb5edfa3cb7d1c", "f7b7ce16570fe9965acd6d30101a28f62fb4a7f9e926b3bbc9b61f8b04247e72"]
boto = ["147758d41ae7240dc989f0039f27da8ca0d53734be0eb869ef16e3adcfa462e8", "ea0d3b40a2d852767be77ca343b58a9e3a4b00d9db440efb8da74b4e58025e5a"]
cachetools = ["9a52dd97a85f257f4e4127f15818e71a0c7899f121b34591fcc1173ea79a0198", "b304586d357c43221856be51d73387f93e2a961598a9b6b6670664746f3b6c6c"]
certifi = ["017c25db2a153ce562900032d5bc68e9f191e44e9a0f762f373977de9df1fbb3", "25b64c7da4cd7479594d035c08c2d809eb4aab3a26e5a990ea98cc450c320f1f"]
cffi = ["0b49274afc941c626b605fb59b59c3485c17dc776dc3cc7cc14aca74cc19cc42", "0e3ea92942cb1168e38c05c1d56b0527ce31f1a370f6117f1d490b8dcd6b3a04", "135f69aecbf4517d5b3d6429207b2dff49c876be724ac0c8bf8e1ea99df3d7e5", "19db0cdd6e516f13329cba4903368bff9bb5a9331d3410b1b448daaadc495e54", "2781e9ad0e9d47173c0093321bb5435a9dfae0ed6a762aabafa13108f5f7b2ba", "291f7c42e21d72144bb1c1b2e825ec60f46d0a7468f5346841860454c7aa8f57", "2c5e309ec482556397cb21ede0350c5e82f0eb2621de04b2633588d118da4396", "2e9c80a8c3344a92cb04661115898a9129c074f7ab82011ef4b612f645939f12", "32a262e2b90ffcfdd97c7a5e24a6012a43c61f1f5a57789ad80af1d26c6acd97", "3c9fff570f13480b201e9ab69453108f6d98244a7f495e91b6c654a47486ba43", "415bdc7ca8c1c634a6d7163d43fb0ea885a07e9618a64bda407e04b04333b7db", "42194f54c11abc8583417a7cf4eaff544ce0de8187abaf5d29029c91b1725ad3", "4424e42199e86b21fc4db83bd76909a6fc2a2aefb352cb5414833c030f6ed71b", "4a43c91840bda5f55249413037b7a9b79c90b1184ed504883b72c4df70778579", "599a1e8ff057ac530c9ad1778293c665cb81a791421f46922d80a86473c13346", "5c4fae4e9cdd18c82ba3a134be256e98dc0596af1e7285a3d2602c97dcfa5159", "5ecfa867dea6fabe2a58f03ac9186ea64da1386af2159196da51c4904e11d652", "62f2578358d3a92e4ab2d830cd1c2049c9c0d0e6d3c58322993cc341bdeac22e", "6471a82d5abea994e38d2c2abc77164b4f7fbaaf80261cb98394d5793f11b12a", "6d4f18483d040e18546108eb13b1dfa1000a089bcf8529e30346116ea6240506", "71a608532ab3bd26223c8d841dde43f3516aa5d2bf37b50ac410bb5e99053e8f", "74a1d8c85fb6ff0b30fbfa8ad0ac23cd601a138f7509dc617ebc65ef305bb98d", "7b93a885bb13073afb0aa73ad82059a4c41f4b7d8eb8368980448b52d4c7dc2c", "7d4751da932caaec419d514eaa4215eaf14b612cff66398dd51129ac22680b20", "7f627141a26b551bdebbc4855c1157feeef18241b4b8366ed22a5c7d672ef858", "8169cf44dd8f9071b2b9248c35fc35e8677451c52f795daa2bb4643f32a540bc", "aa00d66c0fab27373ae44ae26a66a9e43ff2a678bf63a9c7c1a9a4d61172827a", "ccb032fda0873254380aa2bfad2582aedc2959186cce61e3a17abc1a55ff89c3", "d754f39e0d1603b5b24a7f8484b22d2904fa551fe865fd0d4c3332f078d20d4e", "d75c461e20e29afc0aee7172a0950157c704ff0dd51613506bd7d82b718e7410", "dcd65317dd15bc0451f3e01c80da2216a31916bdcffd6221ca1202d96584aa25", "e570d3ab32e2c2861c4ebe6ffcad6a8abf9347432a37608fe1fbd157b3f0036b", "fd43a88e045cf992ed09fa724b5315b790525f2676883a6ea64e3263bae6549d"]
chardet = ["84ab92ed1c4d4f16916e05906b6b75a6c0fb5db821cc65e70cbd64a3e2a5eaae", "fc323ffcaeaed0e0a02bf4d117757b98aed530d9ed4531e3e15460124c106691"]
click = ["2335065e6395b9e67ca716de5f7526736bfa6ceead690adf616d925bdc622b13", "5b94b49521f6456670fdb30cd82a4eca9412788a93fa6dd6df72c94d5a8ff2d7"]
click-config-file = ["1d61213ee216168e8433b9c76029f1d51694d7d9ab0f301c1ef1e4f4a65137a9", "3d6918c55b24e59cc002fbf963e2c0b76a766841e560ecba04f5825e123c4694"]
cmd2 = ["791c902b831f9d2800276a90eed74072ed79d21691601a5c9be0e55863a5a7de", "ba244b07c0b465ff54a6838dc61919599141dc92de1bf00bb0a70875189155e6"]
colorama = ["7d73d2a99753107a36ac6b455ee49046802e59d9d076ef8e47b61499fa29afff", "e96da0d330793e2cb9485e9ddfd918d456036c7149416295932478192f4436a1"]
configobj = ["a2f5650770e1c87fb335af19a9b7eb73fc05ccf22144eb68db7d00cd2bcb0902"]
crcmod = ["50586ab48981f11e5b117523d97bb70864a2a1af246cf6e4f5c4a21ef4611cd1", "69a2e5c6c36d0f096a7beb4cd34e5f882ec5fd232efb710cdb85d4ff196bd52e", "737fb308fa2ce9aed2e29075f0d5980d4a89bfbec48a368c607c5c63b3efb90e", "dc7051a0db5f2bd48665a990d3ec1cc305a466a77358ca4492826f41f283601e"]
cryptography = ["02079a6addc7b5140ba0825f542c0869ff4df9a69c360e339ecead5baefa843c", "1df22371fbf2004c6f64e927668734070a8953362cd8370ddd336774d6743595", "369d2346db5934345787451504853ad9d342d7f721ae82d098083e1f49a582ad", "3cda1f0ed8747339bbdf71b9f38ca74c7b592f24f65cdb3ab3765e4b02871651", "44ff04138935882fef7c686878e1c8fd80a723161ad6a98da31e14b7553170c2", "4b1030728872c59687badcca1e225a9103440e467c17d6d1730ab3d2d64bfeff", "58363dbd966afb4f89b3b11dfb8ff200058fbc3b947507675c19ceb46104b48d", "6ec280fb24d27e3d97aa731e16207d58bd8ae94ef6eab97249a2afe4ba643d42", "7270a6c29199adc1297776937a05b59720e8a782531f1f122f2eb8467f9aab4d", "73fd30c57fa2d0a1d7a49c561c40c2f79c7d6c374cc7750e9ac7c99176f6428e", "7f09806ed4fbea8f51585231ba742b58cbcfbfe823ea197d8c89a5e433c7e912", "90df0cc93e1f8d2fba8365fb59a858f51a11a394d64dbf3ef844f783844cc793", "971221ed40f058f5662a604bd1ae6e4521d84e6cad0b7b170564cc34169c8f13", "a518c153a2b5ed6b8cc03f7ae79d5ffad7315ad4569b2d5333a13c38d64bd8d7", "b0de590a8b0979649ebeef8bb9f54394d3a41f66c5584fff4220901739b6b2f0", "b43f53f29816ba1db8525f006fa6f49292e9b029554b3eb56a189a70f2a40879", "d31402aad60ed889c7e57934a03477b572a03af7794fa8fb1780f21ea8f6551f", "de96157ec73458a7f14e3d26f17f8128c959084931e8997b9e655a39c8fde9f9", "df6b4dca2e11865e6cfbfb708e800efb18370f5a46fd601d3755bc7f85b3a8a2", "ecadccc7ba52193963c0475ac9f6fa28ac01e01349a2ca48509667ef41ffd2cf", "fb81c17e0ebe3358486cd8cc3ad78adbae58af12fc2bf2bc0bb84e8090fa5ce8"]
fasteners = ["007e4d2b2d4a10093f67e932e5166722d2eab83b77724156e92ad013c6226574", "3a176da6b70df9bb88498e1a18a9e4a8579ed5b9141207762368a1017bf8f5ef"]
func-timeout = ["74cd3c428ec94f4edfba81f9b2f14904846d5ffccc27c92433b8b5939b5575dd"]
functools32 = ["89d824aa6c358c421a234d7f9ee0bd75933a67c29588ce50aaa3acdf4d403fa0", "f6253dfbe0538ad2e387bd8fdfd9293c925d63553f5813c4e587745416501e6d"]
gast = ["fe939df4583692f0512161ec1c880e0a10e71e6a232da045ab8edd3756fbadf0"]
gcs-oauth2-boto-plugin = ["fd5080d2047bf8253a7f01727a4f36ae59feb82d99bce0284594842173ab4d56"]
google-api-core = ["2d661c8d650a1df5805d0e360121cb55c55d8bd29f858fa62cbe943e59ce89f7", "9006e1641599345056cc690a934e1262107c78d969d72cf96412f6db5d32147f"]
google-apitools = ["922710a514fcd6238bc29450c8c23b2af4e32a976508dc2e6607a027f1c4e808", "a1b3485928de9a9bc5b9bf74b1f35d656e6783383e318ec5630b181b2eea17bf"]
google-auth = ["7bb2034a3a290190cf4e3eb8ebf29e5025c90f0b06a00ba4d1fb94bf0c6448f7", "c57074e594d2c6e3e316162734e8af3e15d40252022e69414cba67de66594417"]
google-cloud-core = ["49036087c1170c3fad026e45189f17092b8c584a9accb2d73d1854f494e223ae", "63c93d989d92a782efe8d9606ea2ad37673361ab0c3e7f965a5640d30ff14f20"]
google-cloud-storage = ["9f59c100d3940e38567c48d54cf1a2e7591a2f38e9693dfc11a242d5e54a1626", "c66e876ae9547884fa42566a2ebfec51d280f488d7a058af9611ba90c78bed78"]
google-pasta = ["41bbe63bab92408452585ff2e1673ec1e35b88e163371cbed2a18510be4e8bc5", "644dcf3784cf7147ab01de5dc22e60a638d219d4e4a3a7464eb98997ae2fe66f", "713813a9f7d6589e5defdaf21e80e4392eb124662f8bd829acd51a4f8735c0cb"]
google-reauth = ["417de75917d1fb538cb145ba6d44ae8725ff6d632e528fd9dd9c77cbaec67157", "bdb924a92fea7c64443abccf820ec5deda468d6b1e6acd066901a7d3e6b19504"]
google-resumable-media = ["2a8fd188afe1cbfd5998bf20602f76b0336aa892de88fe842a806b9a3ed78d2a", "b86140d5a0b6d290084b11bde90ee9aecad357ba0e0d67388d016b8340320927"]
googleapis-common-protos = ["e61b8ed5e36b976b487c6e7b15f31bb10c7a0ca7bd5c0e837f4afab64b53a0c6"]
grpcio = ["066630f6b62bffa291dacbee56994279a6a3682b8a11967e9ccaf3cc770fc11e", "07e95762ca6b18afbeb3aa2793e827c841152d5e507089b1db0b18304edda105", "0a0fb2f8e3a13537106bc77e4c63005bc60124a6203034304d9101921afa4e90", "0c61b74dcfb302613926e785cb3542a0905b9a3a86e9410d8cf5d25e25e10104", "13383bd70618da03684a8aafbdd9e3d9a6720bf8c07b85d0bc697afed599d8f0", "1c6e0f6b9d091e3717e9a58d631c8bb4898be3b261c2a01fe46371fdc271052f", "1cf710c04689daa5cc1e598efba00b028215700dcc1bf66fcb7b4f64f2ea5d5f", "2da5cee9faf17bb8daf500cd0d28a17ae881ab5500f070a6aace457f4c08cac4", "2f78ebf340eaf28fa09aba0f836a8b869af1716078dfe8f3b3f6ff785d8f2b0f", "33a07a1a8e817d733588dbd18e567caad1a6fe0d440c165619866cd490c7911a", "3d090c66af9c065b7228b07c3416f93173e9839b1d40bb0ce3dd2aa783645026", "42b903a3596a10e2a3727bae2a76f8aefd324d498424b843cfa9606847faea7b", "4fffbb58134c4f23e5a8312ac3412db6f5e39e961dc0eb5e3115ce5aa16bf927", "57be5a6c509a406fe0ffa6f8b86904314c77b5e2791be8123368ad2ebccec874", "5b0fa09efb33e2af4e8822b4eb8b2cbc201d562e3e185c439be7eaeee2e8b8aa", "5ef42dfc18f9a63a06aca938770b69470bb322e4c137cf08cf21703d1ef4ae5c", "6a43d2f2ff8250f200fdf7aa31fa191a997922aa9ea1182453acd705ad83ab72", "6d8ab28559be98b02f8b3a154b53239df1aa5b0d28ff865ae5be4f30e7ed4d3f", "6e47866b7dc14ca3a12d40c1d6082e7bea964670f1c5315ea0fb8b0550244d64", "6edda1b96541187f73aab11800d25f18ee87e53d5f96bb74473873072bf28a0e", "7109c8738a8a3c98cfb5dda1c45642a8d6d35dc00d257ab7a175099b2b4daecd", "8d866aafb08657c456a18c4a31c8526ea62de42427c242b58210b9eae6c64559", "9939727d9ae01690b24a2b159ac9dbca7b7e8e6edd5af6a6eb709243cae7b52b", "99fd873699df17cb11c542553270ae2b32c169986e475df0d68a8629b8ef4df7", "b6fda5674f990e15e1bcaacf026428cf50bce36e708ddcbd1de9673b14aab760", "bdb2f3dcb664f0c39ef1312cd6acf6bc6375252e4420cf8f36fff4cb4fa55c71", "bfd7d3130683a1a0a50c456273c21ec8a604f2d043b241a55235a78a0090ee06", "c6c2db348ac73d73afe14e0833b18abbbe920969bf2c5c03c0922719f8020d06", "cb7a4b41b5e2611f85c3402ac364f1d689f5d7ecbc24a55ef010eedcd6cf460f", "cd3d3e328f20f7c807a862620c6ee748e8d57ba2a8fc960d48337ed71c6d9d32", "d1a481777952e4f99b8a6956581f3ee866d7614100d70ae6d7e07327570b85ce", "d1d49720ed636920bb3d74cedf549382caa9ad55aea89d1de99d817068d896b2", "d42433f0086cccd192114343473d7dbd4aae9141794f939e2b7b83efc57543db", "d44c34463a7c481e076f691d8fa25d080c3486978c2c41dca09a8dd75296c2d7", "d7e5b7af1350e9c8c17a7baf99d575fbd2de69f7f0b0e6ebd47b57506de6493a", "d9542366a0917b9b48bab1fee481ac01f56bdffc52437b598c09e7840148a6a9", "df7cdfb40179acc9790a462c049e0b8e109481164dd7ad1a388dd67ff1528759", "e1a9d9d2e7224d981aea8da79260c7f6932bf31ce1f99b7ccfa5eceeb30dc5d0", "ed10e5fad105ecb0b12822f924e62d0deb07f46683a0b64416b17fd143daba1d", "f0ec5371ce2363b03531ed522bfbe691ec940f51f0e111f0500fc0f44518c69d", "f6580a8a4f5e701289b45fd62a8f6cb5ec41e4d77082424f8b676806dcd22564", "f7b83e4b2842d44fce3cdc0d54db7a7e0d169a598751bf393601efaa401c83e0", "ffec45b0db18a555fdfe0c6fa2d0a3fceb751b22b31e8fcd14ceed7bde05481e"]
gsutil = ["c5e1559a2e46d55da8a86adc9e849bd22645c32053d9dc58d1a99564728d526f"]
h5py = ["063947eaed5f271679ed4ffa36bb96f57bc14f44dd4336a827d9a02702e6ce6b", "13c87efa24768a5e24e360a40e0bc4c49bcb7ce1bb13a3a7f9902cec302ccd36", "16ead3c57141101e3296ebeed79c9c143c32bdd0e82a61a2fc67e8e6d493e9d1", "3dad1730b6470fad853ef56d755d06bb916ee68a3d8272b3bab0c1ddf83bb99e", "51ae56894c6c93159086ffa2c94b5b3388c0400548ab26555c143e7cfa05b8e5", "54817b696e87eb9e403e42643305f142cd8b940fe9b3b490bbf98c3b8a894cf4", "549ad124df27c056b2e255ea1c44d30fb7a17d17676d03096ad5cd85edb32dc1", "64f74da4a1dd0d2042e7d04cf8294e04ddad686f8eba9bb79e517ae582f6668d", "6998be619c695910cb0effe5eb15d3a511d3d1a5d217d4bd0bebad1151ec2262", "6ef7ab1089e3ef53ca099038f3c0a94d03e3560e6aff0e9d6c64c55fb13fc681", "769e141512b54dee14ec76ed354fcacfc7d97fea5a7646b709f7400cf1838630", "79b23f47c6524d61f899254f5cd5e486e19868f1823298bc0c29d345c2447172", "7be5754a159236e95bd196419485343e2b5875e806fe68919e087b6351f40a70", "84412798925dc870ffd7107f045d7659e60f5d46d1c70c700375248bf6bf512d", "86868dc07b9cc8cb7627372a2e6636cdc7a53b7e2854ad020c9e9d8a4d3fd0f5", "8bb1d2de101f39743f91512a9750fb6c351c032e5cd3204b4487383e34da7f75", "a5f82cd4938ff8761d9760af3274acf55afc3c91c649c50ab18fcff5510a14a5", "aac4b57097ac29089f179bbc2a6e14102dd210618e94d77ee4831c65f82f17c0", "bffbc48331b4a801d2f4b7dac8a72609f0b10e6e516e5c480a3e3241e091c878", "c0d4b04bbf96c47b6d360cd06939e72def512b20a18a8547fa4af810258355d5", "c54a2c0dd4957776ace7f95879d81582298c5daf89e77fb8bee7378f132951de", "cbf28ae4b5af0f05aa6e7551cee304f1d317dbed1eb7ac1d827cee2f1ef97a99", "d35f7a3a6cefec82bfdad2785e78359a0e6a5fbb3f605dd5623ce88082ccd681", "d3c59549f90a891691991c17f8e58c8544060fdf3ccdea267100fa5f561ff62f", "d7ae7a0576b06cb8e8a1c265a8bc4b73d05fdee6429bffc9a26a6eb531e79d72", "ecf4d0b56ee394a0984de15bceeb97cbe1fe485f1ac205121293fc44dcf3f31f", "f0e25bb91e7a02efccb50aba6591d3fe2c725479e34769802fcdd4076abfa917", "f23951a53d18398ef1344c186fb04b26163ca6ce449ebd23404b153fd111ded9", "ff7d241f866b718e4584fa95f520cb19405220c501bd3a53ee11871ba5166ea2"]
httplib2 = ["1d1f4ad7a6e55d325830ab274190f98894e069850a871fac19921caf4363259d", "a5f914f18f99cb9541660454a159e3b3c63241fc3ab60005bb88d97cc7a4fb58"]
idna = ["c357b3f628cf53ae2c4c05627ecc484553142ca23264e593d327bcde5e9c3407", "ea8b7f6188e6fa117537c3df7da9fc686d485087abf6ac197f9c46432f7e4a3c"]
importlib-metadata = ["073a852570f92da5f744a3472af1b61e28e9f78ccf0c9117658dc32b15de7b45", "d95141fbfa7ef2ec65cfd945e2af7e5a6ddbd7c8d9a25e66ff3be8e3daf9f60f"]
importlib-resources = ["6e2783b2538bd5a14678284a3962b0660c715e5a0f10243fd5e00a4b5974f50b", "d3279fd0f6f847cced9f7acc19bd3e5df54d34f93a2e7bb5f238f81545787078"]
inflection = ["18ea7fb7a7d152853386523def08736aa8c32636b047ade55f7578c4edeb16ca"]
keras-applications = ["5579f9a12bcde9748f4a12233925a59b93b73ae6947409ff34aa2ba258189fe5", "df4323692b8c1174af821bf906f1e442e63fa7589bf0f1230a0b6bdc5a810c95"]
keras-preprocessing = ["44aee5f2c4d80c3b29f208359fcb336df80f293a0bb6b1c738da43ca206656fb", "5a8debe01d840de93d49e05ccf1c9b81ae30e210d34dacbcc47aeb3049b528e5"]
markdown = ["2e50876bcdd74517e7b71f3e7a76102050edec255b3983403f1a63e7c8a41e7a", "56a46ac655704b91e5b7e6326ce43d5ef72411376588afa1dd90e881b83c7e8c"]
mock = ["5ce3c71c5545b472da17b72268978914d0252980348636840bd34a00b5cc96c1", "b158b6df76edd239b8208d481dc46b6afd45a846b7812ff0ce58971cf5bc8bba"]
monotonic = ["23953d55076df038541e648a53676fb24980f7a1be290cdda21300b3bc21dfb0", "552a91f381532e33cbd07c6a2655a21908088962bb8fa7239ecbcc6ad1140cc7"]
more-itertools = ["b84b238cce0d9adad5ed87e745778d20a3f8487d0f0cb8b8a586816c7496458d", "c833ef592a0324bcc6a60e48440da07645063c453880c9477ceb22490aec1564"]
numpy = ["03bbde29ac8fba860bb2c53a1525b3604a9b60417855ac3119d89868ec6041c3", "1baefd1fb4695e7f2e305467dbd876d765e6edd30c522894df76f8301efaee36", "1c35fb1131362e6090d30286cfda52ddd42e69d3e2bf1fea190a0fad83ea3a18", "3c68c827689ca0ca713dba598335073ce0966850ec0b30715527dce4ecd84055", "443ab93fc35b31f01db8704681eb2fd82f3a1b2fa08eed2dd0e71f1f57423d4a", "56710a756c5009af9f35b91a22790701420406d9ac24cf6b652b0e22cfbbb7ff", "62506e9e4d2a39c87984f081a2651d4282a1d706b1a82fe9d50a559bb58e705a", "6f8113c8dbfc192b58996ee77333696469ea121d1c44ea429d8fd266e4c6be51", "712f0c32555132f4b641b918bdb1fd3c692909ae916a233ce7f50eac2de87e37", "854f6ed4fa91fa6da5d764558804ba5b0f43a51e5fe9fc4fdc93270b052f188a", "88c5ccbc4cadf39f32193a5ef22e3f84674418a9fd877c63322917ae8f295a56", "905cd6fa6ac14654a6a32b21fad34670e97881d832e24a3ca32e19b455edb4a8", "9d6de2ad782aae68f7ed0e0e616477fbf693d6d7cc5f0f1505833ff12f84a673", "a30f5c3e1b1b5d16ec1f03f4df28e08b8a7529d8c920bbed657f4fde61f1fbcd", "a9d72d9abaf65628f0f31bbb573b7d9304e43b1e6bbae43149c17737a42764c4", "ac3cf835c334fcc6b74dc4e630f9b5ff7b4c43f7fb2a7813208d95d4e10b5623", "b091e5d4cbbe79f0e8b6b6b522346e54a282eadb06e3fd761e9b6fafc2ca91ad", "cc070fc43a494e42732d6ae2f6621db040611c1dde64762a40c8418023af56d7", "e1080e37c090534adb2dd7ae1c59ee883e5d8c3e63d2a4d43c20ee348d0459c5", "f084d513de729ff10cd72a1f80db468cff464fedb1ef2fea030221a0f62d7ff4", "f6a7421da632fc01e8a3ecd19c3f7350258d82501a646747664bae9c6a87c731"]
oauth2client = ["b8a81cc5d60e2d364f0b1b98f958dbd472887acaf1a5b05e21c28c31a2d6d3ac", "d486741e451287f69568a4d26d70d9acd73a2bbfa275746c535b4209891cccc6"]
opt-einsum = ["edfada4b1d0b3b782ace8bc14e80618ff629abf53143e1e6bbf9bd00b11ece77"]
pbr = ["139d2625547dbfa5fb0b81daebb39601c478c21956dc57e2e07b74450a8c506b", "61aa52a0f18b71c5cc58232d2cf8f8d09cd67fcad60b742a60124cb8d6951488"]
playsound = ["1e83750a5325cbccee03d6e751ba3e78c037ac95b95a3ba1f38d0c5aca9e1a34"]
profanityfilter = ["1706c080c2364f5bfe217b2330dc35d90e02e4afa0a00ed52d5673c410b45b64", "ca701e22799526696963415fc36d5e943c168f1917e3c83881ffda6bf5240a30"]
protobuf = ["0329e86a397db2a83f9dcbe21d9be55a47f963cdabc893c3a24f4d3a8f117c37", "0a7219254afec0d488211f3d482d8ed57e80ae735394e584a98d8f30a8c88a36", "14d6ac53df9cb5bb87c4f91b677c1bc5cec9c0fd44327f367a3c9562de2877c4", "180fc364b42907a1d2afa183ccbeffafe659378c236b1ec3daca524950bb918d", "3d7a7d8d20b4e7a8f63f62de2d192cfd8b7a53c56caba7ece95367ca2b80c574", "3f509f7e50d806a434fe4a5fbf602516002a0f092889209fff7db82060efffc0", "4571da974019849201fc1ec6626b9cea54bd11b6bed140f8f737c0a33ea37de5", "557686c43fbd04f5f7c533f00feee9a37dcca7b5896e3ae3664a33864e6dd546", "56bd1d84fbf4505c7b73f04de987eef5682e5752c811141b0186a3809bfb396f", "680c668d00b5eff08b86aef9e5ba9a705e621ea05d39071cfea8e28cb2400946", "6b5b947dc8b3f2aec0eaad65b0b5113fcd642c358c31357c647da6281ee31104", "6e96dffaf4d0a9a329e528b353ba62fd9ef13599688723d96bc9c165d0b6871e", "919f0d6f6addc836d08658eba3b52be2e92fd3e76da3ce00c325d8e9826d17c7", "9c7b19c30cf0644afd0e4218b13f637ce54382fdcb1c8f75bf3e84e49a5f6d0a", "a2e6f57114933882ec701807f217df2fb4588d47f71f227c0a163446b930d507", "a6b970a2eccfcbabe1acf230fbf112face1c4700036c95e195f3554d7bcb04c1", "bc45641cbcdea068b67438244c926f9fd3e5cbdd824448a4a64370610df7c593", "d61b14a9090da77fe87e38ba4c6c43d3533dcbeb5d84f5474e7ac63c532dcc9c", "d6faf5dbefb593e127463f58076b62fcfe0784187be8fe1aa9167388f24a22a1"]
pyasn1 = ["014c0e9976956a08139dc0712ae195324a75e142284d5f87f1a87ee1b068a359", "03840c999ba71680a131cfaee6fab142e1ed9bbd9c693e285cc6aca0d555e576", "0458773cfe65b153891ac249bcf1b5f8f320b7c2ce462151f8fa74de8934becf", "08c3c53b75eaa48d71cf8c710312316392ed40899cb34710d092e96745a358b7", "39c7e2ec30515947ff4e87fb6f456dfc6e84857d34be479c9d4a4ba4bf46aa5d", "5c9414dcfede6e441f7e8f81b43b34e834731003427e5b09e4e00e3172a10f00", "6e7545f1a61025a4e58bb336952c5061697da694db1cae97b116e9c46abcf7c8", "78fa6da68ed2727915c4767bb386ab32cdba863caa7dbe473eaae45f9959da86", "7ab8a544af125fb704feadb008c99a88805126fb525280b2270bb25cc1d78a12", "99fcc3c8d804d1bc6d9a099921e39d827026409a58f2a720dcdb89374ea0c776", "aef77c9fb94a3ac588e87841208bdec464471d9871bd5050a287cc9a475cd0ba", "e89bf84b5437b532b0803ba5c9a5e054d21fec423a89952a74f87fa2c9b7bce2", "fec3e9d8e36808a28efb59b489e4528c10ad0f480e57dcc32b4de5c9d8c9fdf3"]
pyasn1-modules = ["0c35a52e00b672f832e5846826f1fb7507907f7d52fba6faa9e3c4cbe874fe4b", "13a6955947d8a554de78fc305a4d651f20fb5580b88612a5f0661d4f189d27ac", "233f55c840e821e76828262db976ac894b285909d22d060c2bdb522e7bf28cc6", "24d54188cb7abd750e0a2cba61b7b46a75608175a0c3c1b1eee08322915d8d21", "27581362b4253b9c999882a64df974124cde12be0bf2c04148a0d68bc6bbb7b8", "33c220a2701032261a23eea6e9881404ac6fc7ff96f183b5353fea8fc8962547", "64f6aecf26e93f6a3ba3725b4eb9f532551747d7a63ca9ff43aef12f4bf11eac", "7b4edf07ca2f759d7cf693184be09f22e067c2eb52b03c770d0a2e9de1c67dfd", "9b972f81f59d896cebb9ebb1d44296f1acb28bf7869443c37551f4eed8d74f83", "9ca5e376a6d9dee35bb3a62608dfa2e6698798aa6b8db3c7afd0eb31af0d63c7", "b6ada4f840fe51abf5a6bd545b45bf537bea62221fa0dde2e8a553ed9f06a4e3", "c14b107a67ee36a7f183ae9f4803ffde4a03b67f3192eab0a62e851af71371d3", "eaf35047a0b068e3e0c2a99618b13b65c98c329661daa78c9d44a4ef0fe8139e"]
pycparser = ["a988718abfad80b6b157acce7bf130a30876d27603738ac39f140993246b25b3"]
pyopenssl = ["621880965a720b8ece2f1b2f54ea2071966ab00e2970ad2ce11d596102063504", "9a24494b2602aaf402be5c9e30a0b82d4a5c67528fe8fb475e3f3bc00dd69507"]
pyperclip = ["979325468ccf682104d5dcaf753f869868100631301d3e72f47babdea5700d1c"]
pyreadline = ["4530592fc2e85b25b1a9f79664433da09237c1a270e4d78ea5aa3a2c7229e2d1", "65540c21bfe14405a3a77e4c085ecfce88724743a4ead47c66b84defcf82c32e", "9ce5fa65b8992dfa373bddc5b6e0864ead8f291c94fbfec05fbd5c836162e67b"]
pytz = ["1c557d7d0e871de1f5ccd5833f60fb2550652da6be2693c1e02300743d21500d", "b02c06db6cf09c12dd25137e563b31700d3b80fcc4ad23abb7a315f2789819be"]
pyu2f = ["12d1260ccd7cfd7a987fc1ad84667770efd6b422cec47fe8eda18d5d52ff6bd3"]
pyyaml = ["0e7f69397d53155e55d10ff68fdfb2cf630a35e6daf65cf0bdeaf04f127c09dc", "2e9f0b7c5914367b0916c3c104a024bb68f269a486b9d04a2e8ac6f6597b7803", "35ace9b4147848cafac3db142795ee42deebe9d0dad885ce643928e88daebdcc", "38a4f0d114101c58c0f3a88aeaa44d63efd588845c5a2df5290b73db8f246d15", "483eb6a33b671408c8529106df3707270bfacb2447bf8ad856a4b4f57f6e3075", "4b6be5edb9f6bb73680f5bf4ee08ff25416d1400fbd4535fe0069b2994da07cd", "7f38e35c00e160db592091751d385cd7b3046d6d51f578b29943225178257b31", "8100c896ecb361794d8bfdb9c11fce618c7cf83d624d73d5ab38aef3bc82d43f", "c0ee8eca2c582d29c3c2ec6e2c4f703d1b7f1fb10bc72317355a746057e7346c", "e4c015484ff0ff197564917b4b4246ca03f411b9bd7f16e02a2f586eb48b6d04", "ebc4ed52dcc93eeebeae5cf5deb2ae4347b3a81c3fa12b0b8c976544829396a4"]
regex = ["032fdcc03406e1a6485ec09b826eac78732943840c4b29e503b789716f051d8d", "0e6cf1e747f383f52a0964452658c04300a9a01e8a89c55ea22813931b580aa8", "106e25a841921d8259dcef2a42786caae35bc750fb996f830065b3dfaa67b77e", "1768cf42a78a11dae63152685e7a1d90af7a8d71d2d4f6d2387edea53a9e0588", "27d1bd20d334f50b7ef078eba0f0756a640fd25f5f1708d3b5bed18a5d6bced9", "29b20f66f2e044aafba86ecf10a84e611b4667643c42baa004247f5dfef4f90b", "4850c78b53acf664a6578bba0e9ebeaf2807bb476c14ec7e0f936f2015133cae", "57eacd38a5ec40ed7b19a968a9d01c0d977bda55664210be713e750dd7b33540", "724eb24b92fc5fdc1501a1b4df44a68b9c1dda171c8ef8736799e903fb100f63", "77ae8d926f38700432807ba293d768ba9e7652df0cbe76df2843b12f80f68885", "78b3712ec529b2a71731fbb10b907b54d9c53a17ca589b42a578bc1e9a2c82ea", "7bbbdbada3078dc360d4692a9b28479f569db7fc7f304b668787afc9feb38ec8", "8d9ef7f6c403e35e73b7fc3cde9f6decdc43b1cb2ff8d058c53b9084bfcb553e", "a83049eb717ae828ced9cf607845929efcb086a001fc8af93ff15c50012a5716", "adc35d38952e688535980ae2109cad3a109520033642e759f987cf47fe278aa1", "c29a77ad4463f71a506515d9ec3a899ed026b4b015bf43245c919ff36275444b", "cfd31b3300fefa5eecb2fe596c6dee1b91b3a05ece9d5cfd2631afebf6c6fadd", "d3ee0b035816e0520fac928de31b6572106f0d75597f6fa3206969a02baba06f", "d508875793efdf6bab3d47850df8f40d4040ae9928d9d80864c1768d6aeaf8e3", "ef0b828a7e22e58e06a1cceddba7b4665c6af8afeb22a0d8083001330572c147", "faad39fdbe2c2ccda9846cd21581063086330efafa47d87afea4073a08128656"]
requests = ["11e007a8a2aa0323f5a921e9e6a2d7e4e67d9877e85773fba9ba6419025cbeb4", "9cf5292fcd0f598c671cfc1e0d7d1a7f13bb8085e9a590f48c010551dc6c4b31"]
retry-decorator = ["b7723b83730a09a5a884f2d1c422c9556d20324b7a0f5b129ad94fd07baba36d"]
rsa = ["14ba45700ff1ec9eeb206a2ce76b32814958a98e372006c8fb76ba820211be66", "1a836406405730121ae9823e19c6e806c62bbad73f890574fff50efa4122c487"]
six = ["1f1b7d42e254082a9db6279deae68afb421ceba6158efa6131de7b3003ee93fd", "30f610279e8b2578cab6db20741130331735c781b56053c59c4076da27f06b66"]
socksipy-branch = ["17a95060e28c3b9038a9b8c1865c54f8c1c5bef15d561bf777c9bbf3c80e8406"]
tensorboard = ["4cad2c65f6011e51609b463014c014fd7c6ddd9c1263af1d4f18dd97ed88c2bc", "612b789386aa1b2c4804e1961273b37f8e4dd97613f98bc90ff0402d24627f50"]
tensorflow = ["0a01def34c28298970dc83776dd43877fd59e43fddd8e960d01b6eb849ba9938", "1afb2e573fe666eb0dd6a45dbb7679de622a318fcc1fc401fb7819068f2d858b", "20bbda24b022c7cedd569bb36a6d620b68e0ea37afc91645c918971c72881388", "26b86d32f20dba79da30cb87d67a708678cc6c47f6e596c8783433e282e91f00", "5910cdde20a9143760d3b49f6d03a6a09ab5221e2f871eb51dbd422b80da07fc", "6265f7d86a66754b875e252effa01f7d54aa4464df3b71182d4be8b269b8a148", "79fbb4a38c6e6417d5eef8ccae00b16053750c5d61092ec7caabe4cea6870dc2", "8e4bb1c361a9b350497741c1d0a556d9592b5ce52c9b073d88dd053c182f3d15", "a214d7bbdae4093bab9a4c582bbf9c4464274cc9db99f94bb42b88c5c961a452", "af57e0e16adb4d6ccd387954c1d70e34cc4925b74da9135d2b83ca7d3dd9d102", "d1694e25887bc0d0c31d6c7d9c92c8bf9e0499085c7e5a9dbaacf675c44027a8"]
tensorflow-estimator = ["8853bfb7c3c96fbdc80b3d66c37a10af6ccbcd235dc87474764270c02a0f86b9"]
termcolor = ["1d6d69ce66211143803fbc56652b41d73b4a400a2891d7bf7a1cdf4c02de613b"]
tracery = ["3fefb23a0b12c6568fdc32bcab2ec6f4395c81ea8568c019fc9905d1eb9dd232"]
urllib3 = ["a8a318824cc77d1fd4b2bec2ded92646630d7fe8619497b142c84a9e6f5a7293", "f3c5fd51747d450d4dcf6f923c81f78f811aab8205fda64b0aba34a4e48b0745"]
wcwidth = ["8fd29383f539be45b20bd4df0dc29c20ba48654a41e661925e612311e9f3c603"]
werkzeug = ["7280924747b5733b246fe23972186c6b348f9ae29724135a6dfc1e53cea433e7", "e5f4a1f98b52b18a93da705a7458e55afb26f32bff83ff5d19189f92462d65c4"]
wheel = ["10c9da68765315ed98850f8e048347c3eb06dd81822dc2ab1d4fde9dc9702646", "f4da1763d3becf2e2cd92a14a7c920f0f00eca30fdde9ea992c836685b9faf28"]
wrapt = ["565a021fd19419476b9362b05eeaa094178de64f8361e44468f9e9d7843901e1"]
zipp = ["3718b1cbcd963c7d4c5511a8240812904164b7f381b647143a89d3b98f9bcd8e", "f06903e9f1f43b12d371004b4ac7b06ab39a44adc747266928ae6debfa7b3335"]
